// !$*UTF8*$!
{
	archiveVersion = 1;
	classes = {
	};
	objectVersion = 50;
	objects = {

/* Begin PBXBuildFile section */
		F900C45A23335ABB007C9FC0 /* FiltersViewController.swift in Sources */ = {isa = PBXBuildFile; fileRef = F900C45923335ABB007C9FC0 /* FiltersViewController.swift */; };
		F91CC2CD23598F5A00C2825E /* TaskBasicHeaderCellView.xib in Resources */ = {isa = PBXBuildFile; fileRef = F91CC2CC23598F5A00C2825E /* TaskBasicHeaderCellView.xib */; };
		F91CC2CF2359FF5100C2825E /* NSRange Extension.swift in Sources */ = {isa = PBXBuildFile; fileRef = F91CC2CE2359FF5100C2825E /* NSRange Extension.swift */; };
		F93E5947231F526700266D92 /* FilterViewController.swift in Sources */ = {isa = PBXBuildFile; fileRef = F93E5946231F526700266D92 /* FilterViewController.swift */; };
		F940B0A72351D34200664043 /* IBMPlexMono-SemiBold.ttf in Resources */ = {isa = PBXBuildFile; fileRef = F940B0A62351D34200664043 /* IBMPlexMono-SemiBold.ttf */; };
		F940B0A923532D2100664043 /* IBMPlexMono-Medium.ttf in Resources */ = {isa = PBXBuildFile; fileRef = F940B0A823532D2100664043 /* IBMPlexMono-Medium.ttf */; };
		F940B0AB2353631200664043 /* SourceViewController.swift in Sources */ = {isa = PBXBuildFile; fileRef = F940B0AA2353631200664043 /* SourceViewController.swift */; };
		F940B0D02354B73100664043 /* NotificationCenter.framework in Frameworks */ = {isa = PBXBuildFile; fileRef = F940B0B22354AD6000664043 /* NotificationCenter.framework */; };
		F940B0D32354B73100664043 /* TodayViewController.swift in Sources */ = {isa = PBXBuildFile; fileRef = F940B0D22354B73100664043 /* TodayViewController.swift */; };
		F940B0D62354B73100664043 /* TodayViewController.xib in Resources */ = {isa = PBXBuildFile; fileRef = F940B0D42354B73100664043 /* TodayViewController.xib */; };
		F940B0DA2354B73100664043 /* InfoPlist.strings in Resources */ = {isa = PBXBuildFile; fileRef = F940B0D82354B73100664043 /* InfoPlist.strings */; };
		F940B0DE2354B73100664043 /* Plain ToDo.appex in Embed App Extensions */ = {isa = PBXBuildFile; fileRef = F940B0CF2354B73100664043 /* Plain ToDo.appex */; settings = {ATTRIBUTES = (RemoveHeadersOnCopy, ); }; };
		F940B0E623572CED00664043 /* TaskHeaderCellView.swift in Sources */ = {isa = PBXBuildFile; fileRef = F940B0E523572CED00664043 /* TaskHeaderCellView.swift */; };
		F940B0E823572CFF00664043 /* TaskHeaderCellView.xib in Resources */ = {isa = PBXBuildFile; fileRef = F940B0E723572CFF00664043 /* TaskHeaderCellView.xib */; };
		F940B0EA235732EE00664043 /* TaskDataCellView.swift in Sources */ = {isa = PBXBuildFile; fileRef = F940B0E9235732EE00664043 /* TaskDataCellView.swift */; };
		F940B0EC235732FD00664043 /* TaskDataCellView.xib in Resources */ = {isa = PBXBuildFile; fileRef = F940B0EB235732FD00664043 /* TaskDataCellView.xib */; };
		F95F8C742337E51600B86C15 /* DocumentController.swift in Sources */ = {isa = PBXBuildFile; fileRef = F95F8C732337E51600B86C15 /* DocumentController.swift */; };
		F9721028234F304900608CAB /* LineFoldingTypesetter.swift in Sources */ = {isa = PBXBuildFile; fileRef = F9721027234F304900608CAB /* LineFoldingTypesetter.swift */; };
		F9755A65231DB87900A2FCBA /* AppDelegate.swift in Sources */ = {isa = PBXBuildFile; fileRef = F9755A64231DB87900A2FCBA /* AppDelegate.swift */; };
		F9755A69231DB87900A2FCBA /* Document.swift in Sources */ = {isa = PBXBuildFile; fileRef = F9755A68231DB87900A2FCBA /* Document.swift */; };
		F9755A6B231DB87A00A2FCBA /* Assets.xcassets in Resources */ = {isa = PBXBuildFile; fileRef = F9755A6A231DB87A00A2FCBA /* Assets.xcassets */; };
		F9755A6E231DB87A00A2FCBA /* Main.storyboard in Resources */ = {isa = PBXBuildFile; fileRef = F9755A6C231DB87A00A2FCBA /* Main.storyboard */; };
		F9755A7B231DBBD400A2FCBA /* TextViewController.swift in Sources */ = {isa = PBXBuildFile; fileRef = F9755A7A231DBBD300A2FCBA /* TextViewController.swift */; };
		F9755A7D231DBBE300A2FCBA /* SidebarViewController.swift in Sources */ = {isa = PBXBuildFile; fileRef = F9755A7C231DBBE300A2FCBA /* SidebarViewController.swift */; };
		F9755A80231DBC2600A2FCBA /* Theme.swift in Sources */ = {isa = PBXBuildFile; fileRef = F9755A7F231DBC2600A2FCBA /* Theme.swift */; };
		F9755A83231DBC5D00A2FCBA /* BackgroundView.swift in Sources */ = {isa = PBXBuildFile; fileRef = F9755A82231DBC5D00A2FCBA /* BackgroundView.swift */; };
		F9755A86231DBC8800A2FCBA /* MutableString Extention.swift in Sources */ = {isa = PBXBuildFile; fileRef = F9755A85231DBC8800A2FCBA /* MutableString Extention.swift */; };
		F9755A88231DBC8E00A2FCBA /* NSColor Extention.swift in Sources */ = {isa = PBXBuildFile; fileRef = F9755A87231DBC8E00A2FCBA /* NSColor Extention.swift */; };
		F9755A8A231DBC9500A2FCBA /* String Extention.swift in Sources */ = {isa = PBXBuildFile; fileRef = F9755A89231DBC9500A2FCBA /* String Extention.swift */; };
		F9755A92231DBCC100A2FCBA /* TaskTextView.swift in Sources */ = {isa = PBXBuildFile; fileRef = F9755A8D231DBCC000A2FCBA /* TaskTextView.swift */; };
		F9755A93231DBCC100A2FCBA /* TablePopover.swift in Sources */ = {isa = PBXBuildFile; fileRef = F9755A8E231DBCC000A2FCBA /* TablePopover.swift */; };
		F9755A94231DBCC100A2FCBA /* DatePopover.swift in Sources */ = {isa = PBXBuildFile; fileRef = F9755A8F231DBCC000A2FCBA /* DatePopover.swift */; };
		F9755A95231DBCC100A2FCBA /* TaskRulerView.swift in Sources */ = {isa = PBXBuildFile; fileRef = F9755A90231DBCC000A2FCBA /* TaskRulerView.swift */; };
		F9755A97231DBCD500A2FCBA /* BadgeView.swift in Sources */ = {isa = PBXBuildFile; fileRef = F9755A96231DBCD500A2FCBA /* BadgeView.swift */; };
		F9755A9C231DBCF700A2FCBA /* Bag.swift in Sources */ = {isa = PBXBuildFile; fileRef = F9755A9A231DBCF700A2FCBA /* Bag.swift */; };
		F9755A9D231DBCF700A2FCBA /* SortedArray.swift in Sources */ = {isa = PBXBuildFile; fileRef = F9755A9B231DBCF700A2FCBA /* SortedArray.swift */; };
		F9755A9F231DBD0600A2FCBA /* Filter.swift in Sources */ = {isa = PBXBuildFile; fileRef = F9755A9E231DBD0600A2FCBA /* Filter.swift */; };
		F9755AA1231DBD0D00A2FCBA /* Preferences.swift in Sources */ = {isa = PBXBuildFile; fileRef = F9755AA0231DBD0D00A2FCBA /* Preferences.swift */; };
		F9755AA3231DBD1700A2FCBA /* Parser.swift in Sources */ = {isa = PBXBuildFile; fileRef = F9755AA2231DBD1700A2FCBA /* Parser.swift */; };
		F9755AA5231DBD2700A2FCBA /* Comparator.swift in Sources */ = {isa = PBXBuildFile; fileRef = F9755AA4231DBD2700A2FCBA /* Comparator.swift */; };
		F9755AA7231DBD2D00A2FCBA /* Aggregator.swift in Sources */ = {isa = PBXBuildFile; fileRef = F9755AA6231DBD2D00A2FCBA /* Aggregator.swift */; };
		F9755AAD231DBD4900A2FCBA /* Task.swift in Sources */ = {isa = PBXBuildFile; fileRef = F9755AAA231DBD4900A2FCBA /* Task.swift */; };
		F9755AB0231DBE0800A2FCBA /* TaskTextStorage.swift in Sources */ = {isa = PBXBuildFile; fileRef = F9755AAF231DBE0800A2FCBA /* TaskTextStorage.swift */; };
		F9755AB4231DBEA500A2FCBA /* ItemCellView.swift in Sources */ = {isa = PBXBuildFile; fileRef = F9755AB2231DBEA500A2FCBA /* ItemCellView.swift */; };
		F9755AB5231DBEA500A2FCBA /* ItemCellView.xib in Resources */ = {isa = PBXBuildFile; fileRef = F9755AB3231DBEA500A2FCBA /* ItemCellView.xib */; };
		F9755AB7231DBF0400A2FCBA /* TaskStorage.swift in Sources */ = {isa = PBXBuildFile; fileRef = F9755AB6231DBF0400A2FCBA /* TaskStorage.swift */; };
		F9755AB9231DD6AB00A2FCBA /* Themes.plist in Resources */ = {isa = PBXBuildFile; fileRef = F9755AB8231DD6AB00A2FCBA /* Themes.plist */; };
		F97E963D235C79A2009EB8F3 /* TaskBasicHeaderCellView.swift in Sources */ = {isa = PBXBuildFile; fileRef = F97E963C235C79A2009EB8F3 /* TaskBasicHeaderCellView.swift */; };
		F997D1F8233D42C700AE86BD /* RefreshableScrollView.swift in Sources */ = {isa = PBXBuildFile; fileRef = F997D1F7233D42C700AE86BD /* RefreshableScrollView.swift */; };
		F99CF91B234CCC0A00526612 /* IBMPlexMono-Light.ttf in Resources */ = {isa = PBXBuildFile; fileRef = F99CF91A234CCC0A00526612 /* IBMPlexMono-Light.ttf */; };
		F99CF91D234CCE7F00526612 /* IBMPlexMono-Regular.ttf in Resources */ = {isa = PBXBuildFile; fileRef = F99CF91C234CCE7F00526612 /* IBMPlexMono-Regular.ttf */; };
		F99CF91F234DEE5F00526612 /* TaskTextAttachmentCell.swift in Sources */ = {isa = PBXBuildFile; fileRef = F99CF91E234DEE5F00526612 /* TaskTextAttachmentCell.swift */; };
		F99CF921234E1BC700526612 /* LineFoldingGlyphGenerator.swift in Sources */ = {isa = PBXBuildFile; fileRef = F99CF920234E1BC700526612 /* LineFoldingGlyphGenerator.swift */; };
		F99FEB69233A177300336790 /* InfoTextField.swift in Sources */ = {isa = PBXBuildFile; fileRef = F99FEB68233A177300336790 /* InfoTextField.swift */; };
		F99FEB6B233CB41F00336790 /* TaskLayoutManager.swift in Sources */ = {isa = PBXBuildFile; fileRef = F99FEB6A233CB41F00336790 /* TaskLayoutManager.swift */; };
		F9C323CD2343CECB001CB6FF /* TaskDocumentView.xib in Resources */ = {isa = PBXBuildFile; fileRef = F9C323CC2343CECB001CB6FF /* TaskDocumentView.xib */; };
		F9C323CF2343D02C001CB6FF /* TaskDocumentView.swift in Sources */ = {isa = PBXBuildFile; fileRef = F9C323CE2343D02C001CB6FF /* TaskDocumentView.swift */; };
		F9C6CCC223259051008026FD /* Item.swift in Sources */ = {isa = PBXBuildFile; fileRef = F9C6CCC123259051008026FD /* Item.swift */; };
		F9D93B572334B71E00AC0D2E /* TableViewController.swift in Sources */ = {isa = PBXBuildFile; fileRef = F9D93B562334B71E00AC0D2E /* TableViewController.swift */; };
/* End PBXBuildFile section */

/* Begin PBXContainerItemProxy section */
		F940B0DC2354B73100664043 /* PBXContainerItemProxy */ = {
			isa = PBXContainerItemProxy;
			containerPortal = F9755A59231DB87900A2FCBA /* Project object */;
			proxyType = 1;
			remoteGlobalIDString = F940B0CE2354B73100664043;
			remoteInfo = "Plain ToDo";
		};
/* End PBXContainerItemProxy section */

/* Begin PBXCopyFilesBuildPhase section */
		F940B0CA2354AD6000664043 /* Embed App Extensions */ = {
			isa = PBXCopyFilesBuildPhase;
			buildActionMask = 2147483647;
			dstPath = "";
			dstSubfolderSpec = 13;
			files = (
				F940B0DE2354B73100664043 /* Plain ToDo.appex in Embed App Extensions */,
			);
			name = "Embed App Extensions";
			runOnlyForDeploymentPostprocessing = 0;
		};
/* End PBXCopyFilesBuildPhase section */

/* Begin PBXFileReference section */
		F900C45923335ABB007C9FC0 /* FiltersViewController.swift */ = {isa = PBXFileReference; lastKnownFileType = sourcecode.swift; path = FiltersViewController.swift; sourceTree = "<group>"; };
		F91CC2CC23598F5A00C2825E /* TaskBasicHeaderCellView.xib */ = {isa = PBXFileReference; lastKnownFileType = file.xib; path = TaskBasicHeaderCellView.xib; sourceTree = "<group>"; };
		F91CC2CE2359FF5100C2825E /* NSRange Extension.swift */ = {isa = PBXFileReference; lastKnownFileType = sourcecode.swift; path = "NSRange Extension.swift"; sourceTree = "<group>"; };
		F93E5946231F526700266D92 /* FilterViewController.swift */ = {isa = PBXFileReference; lastKnownFileType = sourcecode.swift; path = FilterViewController.swift; sourceTree = "<group>"; };
		F940B0A62351D34200664043 /* IBMPlexMono-SemiBold.ttf */ = {isa = PBXFileReference; lastKnownFileType = file; path = "IBMPlexMono-SemiBold.ttf"; sourceTree = "<group>"; };
		F940B0A823532D2100664043 /* IBMPlexMono-Medium.ttf */ = {isa = PBXFileReference; lastKnownFileType = file; path = "IBMPlexMono-Medium.ttf"; sourceTree = "<group>"; };
		F940B0AA2353631200664043 /* SourceViewController.swift */ = {isa = PBXFileReference; lastKnownFileType = sourcecode.swift; path = SourceViewController.swift; sourceTree = "<group>"; };
		F940B0B22354AD6000664043 /* NotificationCenter.framework */ = {isa = PBXFileReference; lastKnownFileType = wrapper.framework; name = NotificationCenter.framework; path = System/Library/Frameworks/NotificationCenter.framework; sourceTree = SDKROOT; };
		F940B0CF2354B73100664043 /* Plain ToDo.appex */ = {isa = PBXFileReference; explicitFileType = "wrapper.app-extension"; includeInIndex = 0; path = "Plain ToDo.appex"; sourceTree = BUILT_PRODUCTS_DIR; };
		F940B0D22354B73100664043 /* TodayViewController.swift */ = {isa = PBXFileReference; lastKnownFileType = sourcecode.swift; path = TodayViewController.swift; sourceTree = "<group>"; };
		F940B0D52354B73100664043 /* Base */ = {isa = PBXFileReference; lastKnownFileType = file.xib; name = Base; path = Base.lproj/TodayViewController.xib; sourceTree = "<group>"; };
		F940B0D72354B73100664043 /* Info.plist */ = {isa = PBXFileReference; lastKnownFileType = text.plist.xml; path = Info.plist; sourceTree = "<group>"; };
		F940B0D92354B73100664043 /* en */ = {isa = PBXFileReference; lastKnownFileType = text.plist.strings; name = en; path = en.lproj/InfoPlist.strings; sourceTree = "<group>"; };
		F940B0DB2354B73100664043 /* Plain_ToDo.entitlements */ = {isa = PBXFileReference; lastKnownFileType = text.plist.entitlements; path = Plain_ToDo.entitlements; sourceTree = "<group>"; };
		F940B0E523572CED00664043 /* TaskHeaderCellView.swift */ = {isa = PBXFileReference; lastKnownFileType = sourcecode.swift; path = TaskHeaderCellView.swift; sourceTree = "<group>"; };
		F940B0E723572CFF00664043 /* TaskHeaderCellView.xib */ = {isa = PBXFileReference; lastKnownFileType = file.xib; path = TaskHeaderCellView.xib; sourceTree = "<group>"; };
		F940B0E9235732EE00664043 /* TaskDataCellView.swift */ = {isa = PBXFileReference; lastKnownFileType = sourcecode.swift; path = TaskDataCellView.swift; sourceTree = "<group>"; };
		F940B0EB235732FD00664043 /* TaskDataCellView.xib */ = {isa = PBXFileReference; lastKnownFileType = file.xib; path = TaskDataCellView.xib; sourceTree = "<group>"; };
		F95F8C732337E51600B86C15 /* DocumentController.swift */ = {isa = PBXFileReference; lastKnownFileType = sourcecode.swift; path = DocumentController.swift; sourceTree = "<group>"; };
		F9721027234F304900608CAB /* LineFoldingTypesetter.swift */ = {isa = PBXFileReference; lastKnownFileType = sourcecode.swift; path = LineFoldingTypesetter.swift; sourceTree = "<group>"; };
		F9755A61231DB87900A2FCBA /* TODOtxt.app */ = {isa = PBXFileReference; explicitFileType = wrapper.application; includeInIndex = 0; path = TODOtxt.app; sourceTree = BUILT_PRODUCTS_DIR; };
		F9755A64231DB87900A2FCBA /* AppDelegate.swift */ = {isa = PBXFileReference; lastKnownFileType = sourcecode.swift; path = AppDelegate.swift; sourceTree = "<group>"; };
		F9755A68231DB87900A2FCBA /* Document.swift */ = {isa = PBXFileReference; lastKnownFileType = sourcecode.swift; path = Document.swift; sourceTree = "<group>"; };
		F9755A6A231DB87A00A2FCBA /* Assets.xcassets */ = {isa = PBXFileReference; lastKnownFileType = folder.assetcatalog; path = Assets.xcassets; sourceTree = "<group>"; };
		F9755A6D231DB87A00A2FCBA /* Base */ = {isa = PBXFileReference; lastKnownFileType = file.storyboard; name = Base; path = Base.lproj/Main.storyboard; sourceTree = "<group>"; };
		F9755A6F231DB87A00A2FCBA /* Info.plist */ = {isa = PBXFileReference; lastKnownFileType = text.plist.xml; path = Info.plist; sourceTree = "<group>"; };
		F9755A70231DB87A00A2FCBA /* TODOtxt.entitlements */ = {isa = PBXFileReference; lastKnownFileType = text.plist.entitlements; path = TODOtxt.entitlements; sourceTree = "<group>"; };
		F9755A7A231DBBD300A2FCBA /* TextViewController.swift */ = {isa = PBXFileReference; fileEncoding = 4; lastKnownFileType = sourcecode.swift; path = TextViewController.swift; sourceTree = "<group>"; };
		F9755A7C231DBBE300A2FCBA /* SidebarViewController.swift */ = {isa = PBXFileReference; fileEncoding = 4; lastKnownFileType = sourcecode.swift; path = SidebarViewController.swift; sourceTree = "<group>"; };
		F9755A7F231DBC2600A2FCBA /* Theme.swift */ = {isa = PBXFileReference; fileEncoding = 4; lastKnownFileType = sourcecode.swift; path = Theme.swift; sourceTree = "<group>"; };
		F9755A82231DBC5D00A2FCBA /* BackgroundView.swift */ = {isa = PBXFileReference; fileEncoding = 4; lastKnownFileType = sourcecode.swift; path = BackgroundView.swift; sourceTree = "<group>"; };
		F9755A85231DBC8800A2FCBA /* MutableString Extention.swift */ = {isa = PBXFileReference; fileEncoding = 4; lastKnownFileType = sourcecode.swift; path = "MutableString Extention.swift"; sourceTree = "<group>"; };
		F9755A87231DBC8E00A2FCBA /* NSColor Extention.swift */ = {isa = PBXFileReference; fileEncoding = 4; lastKnownFileType = sourcecode.swift; path = "NSColor Extention.swift"; sourceTree = "<group>"; };
		F9755A89231DBC9500A2FCBA /* String Extention.swift */ = {isa = PBXFileReference; fileEncoding = 4; lastKnownFileType = sourcecode.swift; path = "String Extention.swift"; sourceTree = "<group>"; };
		F9755A8D231DBCC000A2FCBA /* TaskTextView.swift */ = {isa = PBXFileReference; fileEncoding = 4; lastKnownFileType = sourcecode.swift; path = TaskTextView.swift; sourceTree = "<group>"; };
		F9755A8E231DBCC000A2FCBA /* TablePopover.swift */ = {isa = PBXFileReference; fileEncoding = 4; lastKnownFileType = sourcecode.swift; path = TablePopover.swift; sourceTree = "<group>"; };
		F9755A8F231DBCC000A2FCBA /* DatePopover.swift */ = {isa = PBXFileReference; fileEncoding = 4; lastKnownFileType = sourcecode.swift; path = DatePopover.swift; sourceTree = "<group>"; };
		F9755A90231DBCC000A2FCBA /* TaskRulerView.swift */ = {isa = PBXFileReference; fileEncoding = 4; lastKnownFileType = sourcecode.swift; path = TaskRulerView.swift; sourceTree = "<group>"; };
		F9755A96231DBCD500A2FCBA /* BadgeView.swift */ = {isa = PBXFileReference; fileEncoding = 4; lastKnownFileType = sourcecode.swift; path = BadgeView.swift; sourceTree = "<group>"; };
		F9755A9A231DBCF700A2FCBA /* Bag.swift */ = {isa = PBXFileReference; fileEncoding = 4; lastKnownFileType = sourcecode.swift; path = Bag.swift; sourceTree = "<group>"; };
		F9755A9B231DBCF700A2FCBA /* SortedArray.swift */ = {isa = PBXFileReference; fileEncoding = 4; lastKnownFileType = sourcecode.swift; path = SortedArray.swift; sourceTree = "<group>"; };
		F9755A9E231DBD0600A2FCBA /* Filter.swift */ = {isa = PBXFileReference; fileEncoding = 4; lastKnownFileType = sourcecode.swift; path = Filter.swift; sourceTree = "<group>"; };
		F9755AA0231DBD0D00A2FCBA /* Preferences.swift */ = {isa = PBXFileReference; fileEncoding = 4; lastKnownFileType = sourcecode.swift; path = Preferences.swift; sourceTree = "<group>"; };
		F9755AA2231DBD1700A2FCBA /* Parser.swift */ = {isa = PBXFileReference; fileEncoding = 4; lastKnownFileType = sourcecode.swift; path = Parser.swift; sourceTree = "<group>"; };
		F9755AA4231DBD2700A2FCBA /* Comparator.swift */ = {isa = PBXFileReference; fileEncoding = 4; lastKnownFileType = sourcecode.swift; path = Comparator.swift; sourceTree = "<group>"; };
		F9755AA6231DBD2D00A2FCBA /* Aggregator.swift */ = {isa = PBXFileReference; fileEncoding = 4; lastKnownFileType = sourcecode.swift; path = Aggregator.swift; sourceTree = "<group>"; };
		F9755AAA231DBD4900A2FCBA /* Task.swift */ = {isa = PBXFileReference; fileEncoding = 4; lastKnownFileType = sourcecode.swift; path = Task.swift; sourceTree = "<group>"; };
		F9755AAF231DBE0800A2FCBA /* TaskTextStorage.swift */ = {isa = PBXFileReference; fileEncoding = 4; lastKnownFileType = sourcecode.swift; path = TaskTextStorage.swift; sourceTree = "<group>"; };
		F9755AB2231DBEA500A2FCBA /* ItemCellView.swift */ = {isa = PBXFileReference; fileEncoding = 4; lastKnownFileType = sourcecode.swift; path = ItemCellView.swift; sourceTree = "<group>"; };
		F9755AB3231DBEA500A2FCBA /* ItemCellView.xib */ = {isa = PBXFileReference; fileEncoding = 4; lastKnownFileType = file.xib; path = ItemCellView.xib; sourceTree = "<group>"; };
		F9755AB6231DBF0400A2FCBA /* TaskStorage.swift */ = {isa = PBXFileReference; lastKnownFileType = sourcecode.swift; path = TaskStorage.swift; sourceTree = "<group>"; };
		F9755AB8231DD6AB00A2FCBA /* Themes.plist */ = {isa = PBXFileReference; lastKnownFileType = text.plist.xml; path = Themes.plist; sourceTree = "<group>"; };
		F97E963C235C79A2009EB8F3 /* TaskBasicHeaderCellView.swift */ = {isa = PBXFileReference; lastKnownFileType = sourcecode.swift; path = TaskBasicHeaderCellView.swift; sourceTree = "<group>"; };
		F997D1F7233D42C700AE86BD /* RefreshableScrollView.swift */ = {isa = PBXFileReference; lastKnownFileType = sourcecode.swift; path = RefreshableScrollView.swift; sourceTree = "<group>"; };
		F99CF91A234CCC0A00526612 /* IBMPlexMono-Light.ttf */ = {isa = PBXFileReference; lastKnownFileType = file; path = "IBMPlexMono-Light.ttf"; sourceTree = "<group>"; };
		F99CF91C234CCE7F00526612 /* IBMPlexMono-Regular.ttf */ = {isa = PBXFileReference; lastKnownFileType = file; path = "IBMPlexMono-Regular.ttf"; sourceTree = "<group>"; };
		F99CF91E234DEE5F00526612 /* TaskTextAttachmentCell.swift */ = {isa = PBXFileReference; lastKnownFileType = sourcecode.swift; path = TaskTextAttachmentCell.swift; sourceTree = "<group>"; };
		F99CF920234E1BC700526612 /* LineFoldingGlyphGenerator.swift */ = {isa = PBXFileReference; lastKnownFileType = sourcecode.swift; path = LineFoldingGlyphGenerator.swift; sourceTree = "<group>"; };
		F99FEB68233A177300336790 /* InfoTextField.swift */ = {isa = PBXFileReference; lastKnownFileType = sourcecode.swift; path = InfoTextField.swift; sourceTree = "<group>"; };
		F99FEB6A233CB41F00336790 /* TaskLayoutManager.swift */ = {isa = PBXFileReference; lastKnownFileType = sourcecode.swift; path = TaskLayoutManager.swift; sourceTree = "<group>"; };
		F9C323CC2343CECB001CB6FF /* TaskDocumentView.xib */ = {isa = PBXFileReference; lastKnownFileType = file.xib; path = TaskDocumentView.xib; sourceTree = "<group>"; };
		F9C323CE2343D02C001CB6FF /* TaskDocumentView.swift */ = {isa = PBXFileReference; lastKnownFileType = sourcecode.swift; path = TaskDocumentView.swift; sourceTree = "<group>"; };
		F9C6CCC123259051008026FD /* Item.swift */ = {isa = PBXFileReference; lastKnownFileType = sourcecode.swift; path = Item.swift; sourceTree = "<group>"; };
		F9D93B562334B71E00AC0D2E /* TableViewController.swift */ = {isa = PBXFileReference; lastKnownFileType = sourcecode.swift; path = TableViewController.swift; sourceTree = "<group>"; };
/* End PBXFileReference section */

/* Begin PBXFrameworksBuildPhase section */
		F940B0CC2354B73100664043 /* Frameworks */ = {
			isa = PBXFrameworksBuildPhase;
			buildActionMask = 2147483647;
			files = (
				F940B0D02354B73100664043 /* NotificationCenter.framework in Frameworks */,
			);
			runOnlyForDeploymentPostprocessing = 0;
		};
		F9755A5E231DB87900A2FCBA /* Frameworks */ = {
			isa = PBXFrameworksBuildPhase;
			buildActionMask = 2147483647;
			files = (
			);
			runOnlyForDeploymentPostprocessing = 0;
		};
/* End PBXFrameworksBuildPhase section */

/* Begin PBXGroup section */
		F940B0B12354AD6000664043 /* Frameworks */ = {
			isa = PBXGroup;
			children = (
				F940B0B22354AD6000664043 /* NotificationCenter.framework */,
			);
			name = Frameworks;
			sourceTree = "<group>";
		};
		F940B0D12354B73100664043 /* Plain ToDo */ = {
			isa = PBXGroup;
			children = (
				F940B0D22354B73100664043 /* TodayViewController.swift */,
				F940B0D42354B73100664043 /* TodayViewController.xib */,
				F940B0D72354B73100664043 /* Info.plist */,
				F940B0D82354B73100664043 /* InfoPlist.strings */,
				F940B0DB2354B73100664043 /* Plain_ToDo.entitlements */,
			);
			path = "Plain ToDo";
			sourceTree = "<group>";
		};
		F940B0E223572C7F00664043 /* Cells */ = {
			isa = PBXGroup;
			children = (
				F940B0E523572CED00664043 /* TaskHeaderCellView.swift */,
				F940B0E723572CFF00664043 /* TaskHeaderCellView.xib */,
				F97E963C235C79A2009EB8F3 /* TaskBasicHeaderCellView.swift */,
				F91CC2CC23598F5A00C2825E /* TaskBasicHeaderCellView.xib */,
				F940B0E9235732EE00664043 /* TaskDataCellView.swift */,
				F940B0EB235732FD00664043 /* TaskDataCellView.xib */,
			);
			path = Cells;
			sourceTree = "<group>";
		};
		F9755A58231DB87900A2FCBA = {
			isa = PBXGroup;
			children = (
				F9755A63231DB87900A2FCBA /* TODOtxt */,
				F940B0D12354B73100664043 /* Plain ToDo */,
				F940B0B12354AD6000664043 /* Frameworks */,
				F9755A62231DB87900A2FCBA /* Products */,
			);
			sourceTree = "<group>";
		};
		F9755A62231DB87900A2FCBA /* Products */ = {
			isa = PBXGroup;
			children = (
				F9755A61231DB87900A2FCBA /* TODOtxt.app */,
				F940B0CF2354B73100664043 /* Plain ToDo.appex */,
			);
			name = Products;
			sourceTree = "<group>";
		};
		F9755A63231DB87900A2FCBA /* TODOtxt */ = {
			isa = PBXGroup;
			children = (
				F9F4E0942333680400D0A125 /* Temp */,
				F9755A7E231DBC0500A2FCBA /* Text Parsing */,
				F9755AA8231DBD4900A2FCBA /* Data */,
				F9755A98231DBCE300A2FCBA /* Util */,
				F9755A84231DBC6C00A2FCBA /* Extensions */,
				F9755A78231DBB4800A2FCBA /* Document */,
				F9755A6A231DB87A00A2FCBA /* Assets.xcassets */,
				F9755A6C231DB87A00A2FCBA /* Main.storyboard */,
				F9755A6F231DB87A00A2FCBA /* Info.plist */,
				F99CF91C234CCE7F00526612 /* IBMPlexMono-Regular.ttf */,
				F940B0A823532D2100664043 /* IBMPlexMono-Medium.ttf */,
				F940B0A62351D34200664043 /* IBMPlexMono-SemiBold.ttf */,
				F99CF91A234CCC0A00526612 /* IBMPlexMono-Light.ttf */,
				F9755A70231DB87A00A2FCBA /* TODOtxt.entitlements */,
			);
			path = TODOtxt;
			sourceTree = "<group>";
		};
		F9755A78231DBB4800A2FCBA /* Document */ = {
			isa = PBXGroup;
			children = (
				F9755A64231DB87900A2FCBA /* AppDelegate.swift */,
				F9755A68231DB87900A2FCBA /* Document.swift */,
				F95F8C732337E51600B86C15 /* DocumentController.swift */,
				F9755A79231DBB5A00A2FCBA /* View Controllers */,
				F9755A81231DBC3900A2FCBA /* Custom Views */,
			);
			path = Document;
			sourceTree = "<group>";
		};
		F9755A79231DBB5A00A2FCBA /* View Controllers */ = {
			isa = PBXGroup;
			children = (
				F93E5946231F526700266D92 /* FilterViewController.swift */,
				F9755A7A231DBBD300A2FCBA /* TextViewController.swift */,
				F940B0AA2353631200664043 /* SourceViewController.swift */,
			);
			path = "View Controllers";
			sourceTree = "<group>";
		};
		F9755A7E231DBC0500A2FCBA /* Text Parsing */ = {
			isa = PBXGroup;
			children = (
				F9755A7F231DBC2600A2FCBA /* Theme.swift */,
				F9755AA2231DBD1700A2FCBA /* Parser.swift */,
				F9755AB8231DD6AB00A2FCBA /* Themes.plist */,
			);
			path = "Text Parsing";
			sourceTree = "<group>";
		};
		F9755A81231DBC3900A2FCBA /* Custom Views */ = {
			isa = PBXGroup;
			children = (
				F940B0E223572C7F00664043 /* Cells */,
				F9755A8B231DBCC000A2FCBA /* TextView */,
			);
			path = "Custom Views";
			sourceTree = "<group>";
		};
		F9755A84231DBC6C00A2FCBA /* Extensions */ = {
			isa = PBXGroup;
			children = (
				F9755A85231DBC8800A2FCBA /* MutableString Extention.swift */,
				F9755A87231DBC8E00A2FCBA /* NSColor Extention.swift */,
				F9755A89231DBC9500A2FCBA /* String Extention.swift */,
				F91CC2CE2359FF5100C2825E /* NSRange Extension.swift */,
			);
			path = Extensions;
			sourceTree = "<group>";
		};
		F9755A8B231DBCC000A2FCBA /* TextView */ = {
			isa = PBXGroup;
			children = (
				F99FEB6A233CB41F00336790 /* TaskLayoutManager.swift */,
				F9755A8D231DBCC000A2FCBA /* TaskTextView.swift */,
				F9755AAF231DBE0800A2FCBA /* TaskTextStorage.swift */,
				F9755A8E231DBCC000A2FCBA /* TablePopover.swift */,
				F9755A8F231DBCC000A2FCBA /* DatePopover.swift */,
				F9755A90231DBCC000A2FCBA /* TaskRulerView.swift */,
				F99FEB68233A177300336790 /* InfoTextField.swift */,
				F99CF91E234DEE5F00526612 /* TaskTextAttachmentCell.swift */,
			);
			path = TextView;
			sourceTree = "<group>";
		};
		F9755A98231DBCE300A2FCBA /* Util */ = {
			isa = PBXGroup;
			children = (
				F9755AA0231DBD0D00A2FCBA /* Preferences.swift */,
				F9755AA4231DBD2700A2FCBA /* Comparator.swift */,
				F9755AA6231DBD2D00A2FCBA /* Aggregator.swift */,
				F9755A99231DBCF700A2FCBA /* Collections */,
			);
			path = Util;
			sourceTree = "<group>";
		};
		F9755A99231DBCF700A2FCBA /* Collections */ = {
			isa = PBXGroup;
			children = (
				F9755A9A231DBCF700A2FCBA /* Bag.swift */,
			);
			path = Collections;
			sourceTree = "<group>";
		};
		F9755AA8231DBD4900A2FCBA /* Data */ = {
			isa = PBXGroup;
			children = (
				F9755AA9231DBD4900A2FCBA /* Basic */,
			);
			path = Data;
			sourceTree = "<group>";
		};
		F9755AA9231DBD4900A2FCBA /* Basic */ = {
			isa = PBXGroup;
			children = (
				F9755AAA231DBD4900A2FCBA /* Task.swift */,
			);
			path = Basic;
			sourceTree = "<group>";
		};
		F9755AB1231DBE7300A2FCBA /* cells */ = {
			isa = PBXGroup;
			children = (
				F9755AB2231DBEA500A2FCBA /* ItemCellView.swift */,
				F9755AB3231DBEA500A2FCBA /* ItemCellView.xib */,
			);
			path = cells;
			sourceTree = "<group>";
		};
		F9865CC52343E2CC00EB846D /* TaskDocumentView */ = {
			isa = PBXGroup;
			children = (
				F9C323CE2343D02C001CB6FF /* TaskDocumentView.swift */,
				F9C323CC2343CECB001CB6FF /* TaskDocumentView.xib */,
			);
			path = TaskDocumentView;
			sourceTree = "<group>";
		};
		F9F4E0942333680400D0A125 /* Temp */ = {
			isa = PBXGroup;
			children = (
				F9755A9E231DBD0600A2FCBA /* Filter.swift */,
				F900C45923335ABB007C9FC0 /* FiltersViewController.swift */,
				F9755A7C231DBBE300A2FCBA /* SidebarViewController.swift */,
				F9C6CCC123259051008026FD /* Item.swift */,
				F9D93B562334B71E00AC0D2E /* TableViewController.swift */,
				F9755A96231DBCD500A2FCBA /* BadgeView.swift */,
				F9755A82231DBC5D00A2FCBA /* BackgroundView.swift */,
				F9755A9B231DBCF700A2FCBA /* SortedArray.swift */,
				F997D1F7233D42C700AE86BD /* RefreshableScrollView.swift */,
				F9755AB6231DBF0400A2FCBA /* TaskStorage.swift */,
				F9755AB1231DBE7300A2FCBA /* cells */,
				F99CF920234E1BC700526612 /* LineFoldingGlyphGenerator.swift */,
				F9721027234F304900608CAB /* LineFoldingTypesetter.swift */,
				F9865CC52343E2CC00EB846D /* TaskDocumentView */,
			);
			path = Temp;
			sourceTree = "<group>";
		};
/* End PBXGroup section */

/* Begin PBXNativeTarget section */
		F940B0CE2354B73100664043 /* Plain ToDo */ = {
			isa = PBXNativeTarget;
			buildConfigurationList = F940B0DF2354B73100664043 /* Build configuration list for PBXNativeTarget "Plain ToDo" */;
			buildPhases = (
				F940B0CB2354B73100664043 /* Sources */,
				F940B0CC2354B73100664043 /* Frameworks */,
				F940B0CD2354B73100664043 /* Resources */,
			);
			buildRules = (
			);
			dependencies = (
			);
			name = "Plain ToDo";
			productName = "Plain ToDo";
			productReference = F940B0CF2354B73100664043 /* Plain ToDo.appex */;
			productType = "com.apple.product-type.app-extension";
		};
		F9755A60231DB87900A2FCBA /* TODOtxt */ = {
			isa = PBXNativeTarget;
			buildConfigurationList = F9755A73231DB87A00A2FCBA /* Build configuration list for PBXNativeTarget "TODOtxt" */;
			buildPhases = (
				F9755A5D231DB87900A2FCBA /* Sources */,
				F9755A5E231DB87900A2FCBA /* Frameworks */,
				F9755A5F231DB87900A2FCBA /* Resources */,
				F940B0CA2354AD6000664043 /* Embed App Extensions */,
			);
			buildRules = (
			);
			dependencies = (
				F940B0DD2354B73100664043 /* PBXTargetDependency */,
			);
			name = TODOtxt;
			productName = TODOtxt;
			productReference = F9755A61231DB87900A2FCBA /* TODOtxt.app */;
			productType = "com.apple.product-type.application";
		};
/* End PBXNativeTarget section */

/* Begin PBXProject section */
		F9755A59231DB87900A2FCBA /* Project object */ = {
			isa = PBXProject;
			attributes = {
				LastSwiftUpdateCheck = 1110;
				LastUpgradeCheck = 1030;
				ORGANIZATIONNAME = antoncherkasov;
				TargetAttributes = {
					F940B0CE2354B73100664043 = {
						CreatedOnToolsVersion = 11.1;
					};
					F9755A60231DB87900A2FCBA = {
						CreatedOnToolsVersion = 10.3;
						SystemCapabilities = {
							com.apple.Sandbox = {
								enabled = 1;
							};
						};
					};
				};
			};
			buildConfigurationList = F9755A5C231DB87900A2FCBA /* Build configuration list for PBXProject "TODOtxt" */;
			compatibilityVersion = "Xcode 9.3";
			developmentRegion = en;
			hasScannedForEncodings = 0;
			knownRegions = (
				en,
				Base,
			);
			mainGroup = F9755A58231DB87900A2FCBA;
			productRefGroup = F9755A62231DB87900A2FCBA /* Products */;
			projectDirPath = "";
			projectRoot = "";
			targets = (
				F9755A60231DB87900A2FCBA /* TODOtxt */,
				F940B0CE2354B73100664043 /* Plain ToDo */,
			);
		};
/* End PBXProject section */

/* Begin PBXResourcesBuildPhase section */
		F940B0CD2354B73100664043 /* Resources */ = {
			isa = PBXResourcesBuildPhase;
			buildActionMask = 2147483647;
			files = (
				F940B0D62354B73100664043 /* TodayViewController.xib in Resources */,
				F940B0DA2354B73100664043 /* InfoPlist.strings in Resources */,
			);
			runOnlyForDeploymentPostprocessing = 0;
		};
		F9755A5F231DB87900A2FCBA /* Resources */ = {
			isa = PBXResourcesBuildPhase;
			buildActionMask = 2147483647;
			files = (
				F91CC2CD23598F5A00C2825E /* TaskBasicHeaderCellView.xib in Resources */,
				F9C323CD2343CECB001CB6FF /* TaskDocumentView.xib in Resources */,
				F9755AB9231DD6AB00A2FCBA /* Themes.plist in Resources */,
				F940B0EC235732FD00664043 /* TaskDataCellView.xib in Resources */,
				F940B0A72351D34200664043 /* IBMPlexMono-SemiBold.ttf in Resources */,
				F940B0A923532D2100664043 /* IBMPlexMono-Medium.ttf in Resources */,
				F99CF91D234CCE7F00526612 /* IBMPlexMono-Regular.ttf in Resources */,
				F99CF91B234CCC0A00526612 /* IBMPlexMono-Light.ttf in Resources */,
				F940B0E823572CFF00664043 /* TaskHeaderCellView.xib in Resources */,
				F9755A6B231DB87A00A2FCBA /* Assets.xcassets in Resources */,
				F9755AB5231DBEA500A2FCBA /* ItemCellView.xib in Resources */,
				F9755A6E231DB87A00A2FCBA /* Main.storyboard in Resources */,
			);
			runOnlyForDeploymentPostprocessing = 0;
		};
/* End PBXResourcesBuildPhase section */

/* Begin PBXSourcesBuildPhase section */
		F940B0CB2354B73100664043 /* Sources */ = {
			isa = PBXSourcesBuildPhase;
			buildActionMask = 2147483647;
			files = (
				F940B0D32354B73100664043 /* TodayViewController.swift in Sources */,
			);
			runOnlyForDeploymentPostprocessing = 0;
		};
		F9755A5D231DB87900A2FCBA /* Sources */ = {
			isa = PBXSourcesBuildPhase;
			buildActionMask = 2147483647;
			files = (
				F9755A95231DBCC100A2FCBA /* TaskRulerView.swift in Sources */,
				F9755AA1231DBD0D00A2FCBA /* Preferences.swift in Sources */,
				F9755AAD231DBD4900A2FCBA /* Task.swift in Sources */,
				F99FEB69233A177300336790 /* InfoTextField.swift in Sources */,
				F9755A7D231DBBE300A2FCBA /* SidebarViewController.swift in Sources */,
				F9C323CF2343D02C001CB6FF /* TaskDocumentView.swift in Sources */,
				F99FEB6B233CB41F00336790 /* TaskLayoutManager.swift in Sources */,
				F91CC2CF2359FF5100C2825E /* NSRange Extension.swift in Sources */,
				F9C6CCC223259051008026FD /* Item.swift in Sources */,
				F900C45A23335ABB007C9FC0 /* FiltersViewController.swift in Sources */,
				F9755A88231DBC8E00A2FCBA /* NSColor Extention.swift in Sources */,
				F9721028234F304900608CAB /* LineFoldingTypesetter.swift in Sources */,
				F9755A9D231DBCF700A2FCBA /* SortedArray.swift in Sources */,
				F9755A7B231DBBD400A2FCBA /* TextViewController.swift in Sources */,
				F95F8C742337E51600B86C15 /* DocumentController.swift in Sources */,
				F9755AA5231DBD2700A2FCBA /* Comparator.swift in Sources */,
				F97E963D235C79A2009EB8F3 /* TaskBasicHeaderCellView.swift in Sources */,
				F99CF921234E1BC700526612 /* LineFoldingGlyphGenerator.swift in Sources */,
				F9755A9C231DBCF700A2FCBA /* Bag.swift in Sources */,
				F99CF91F234DEE5F00526612 /* TaskTextAttachmentCell.swift in Sources */,
				F9755A83231DBC5D00A2FCBA /* BackgroundView.swift in Sources */,
				F9D93B572334B71E00AC0D2E /* TableViewController.swift in Sources */,
				F9755A80231DBC2600A2FCBA /* Theme.swift in Sources */,
				F9755A97231DBCD500A2FCBA /* BadgeView.swift in Sources */,
				F997D1F8233D42C700AE86BD /* RefreshableScrollView.swift in Sources */,
				F93E5947231F526700266D92 /* FilterViewController.swift in Sources */,
				F9755A94231DBCC100A2FCBA /* DatePopover.swift in Sources */,
				F9755A8A231DBC9500A2FCBA /* String Extention.swift in Sources */,
				F9755AA7231DBD2D00A2FCBA /* Aggregator.swift in Sources */,
				F9755A9F231DBD0600A2FCBA /* Filter.swift in Sources */,
				F9755AB0231DBE0800A2FCBA /* TaskTextStorage.swift in Sources */,
				F9755AB4231DBEA500A2FCBA /* ItemCellView.swift in Sources */,
				F9755A65231DB87900A2FCBA /* AppDelegate.swift in Sources */,
				F940B0AB2353631200664043 /* SourceViewController.swift in Sources */,
				F9755AB7231DBF0400A2FCBA /* TaskStorage.swift in Sources */,
				F940B0E623572CED00664043 /* TaskHeaderCellView.swift in Sources */,
				F940B0EA235732EE00664043 /* TaskDataCellView.swift in Sources */,
				F9755A92231DBCC100A2FCBA /* TaskTextView.swift in Sources */,
				F9755A69231DB87900A2FCBA /* Document.swift in Sources */,
				F9755A93231DBCC100A2FCBA /* TablePopover.swift in Sources */,
				F9755A86231DBC8800A2FCBA /* MutableString Extention.swift in Sources */,
				F9755AA3231DBD1700A2FCBA /* Parser.swift in Sources */,
			);
			runOnlyForDeploymentPostprocessing = 0;
		};
/* End PBXSourcesBuildPhase section */

/* Begin PBXTargetDependency section */
		F940B0DD2354B73100664043 /* PBXTargetDependency */ = {
			isa = PBXTargetDependency;
			target = F940B0CE2354B73100664043 /* Plain ToDo */;
			targetProxy = F940B0DC2354B73100664043 /* PBXContainerItemProxy */;
		};
/* End PBXTargetDependency section */

/* Begin PBXVariantGroup section */
		F940B0D42354B73100664043 /* TodayViewController.xib */ = {
			isa = PBXVariantGroup;
			children = (
				F940B0D52354B73100664043 /* Base */,
			);
			name = TodayViewController.xib;
			sourceTree = "<group>";
		};
		F940B0D82354B73100664043 /* InfoPlist.strings */ = {
			isa = PBXVariantGroup;
			children = (
				F940B0D92354B73100664043 /* en */,
			);
			name = InfoPlist.strings;
			sourceTree = "<group>";
		};
		F9755A6C231DB87A00A2FCBA /* Main.storyboard */ = {
			isa = PBXVariantGroup;
			children = (
				F9755A6D231DB87A00A2FCBA /* Base */,
			);
			name = Main.storyboard;
			sourceTree = "<group>";
		};
/* End PBXVariantGroup section */

/* Begin XCBuildConfiguration section */
		F940B0E02354B73100664043 /* Debug */ = {
			isa = XCBuildConfiguration;
			buildSettings = {
				CODE_SIGN_ENTITLEMENTS = "Plain ToDo/Plain_ToDo.entitlements";
				CODE_SIGN_STYLE = Automatic;
				COMBINE_HIDPI_IMAGES = YES;
				DEVELOPMENT_TEAM = 48KV35Y6PN;
				ENABLE_HARDENED_RUNTIME = YES;
				INFOPLIST_FILE = "Plain ToDo/Info.plist";
				LD_RUNPATH_SEARCH_PATHS = (
					"$(inherited)",
					"@executable_path/../Frameworks",
					"@executable_path/../../../../Frameworks",
				);
				MACOSX_DEPLOYMENT_TARGET = 10.15;
				PRODUCT_BUNDLE_IDENTIFIER = "com.antoncherkasov.TODOtxt.Plain-ToDo";
				PRODUCT_NAME = "$(TARGET_NAME)";
				SKIP_INSTALL = YES;
				SWIFT_VERSION = 5.0;
			};
			name = Debug;
		};
		F940B0E12354B73100664043 /* Release */ = {
			isa = XCBuildConfiguration;
			buildSettings = {
				CODE_SIGN_ENTITLEMENTS = "Plain ToDo/Plain_ToDo.entitlements";
				CODE_SIGN_STYLE = Automatic;
				COMBINE_HIDPI_IMAGES = YES;
				DEVELOPMENT_TEAM = 48KV35Y6PN;
				ENABLE_HARDENED_RUNTIME = YES;
				INFOPLIST_FILE = "Plain ToDo/Info.plist";
				LD_RUNPATH_SEARCH_PATHS = (
					"$(inherited)",
					"@executable_path/../Frameworks",
					"@executable_path/../../../../Frameworks",
				);
				MACOSX_DEPLOYMENT_TARGET = 10.15;
				PRODUCT_BUNDLE_IDENTIFIER = "com.antoncherkasov.TODOtxt.Plain-ToDo";
				PRODUCT_NAME = "$(TARGET_NAME)";
				SKIP_INSTALL = YES;
				SWIFT_VERSION = 5.0;
			};
			name = Release;
		};
		F9755A71231DB87A00A2FCBA /* Debug */ = {
			isa = XCBuildConfiguration;
			buildSettings = {
				ALWAYS_SEARCH_USER_PATHS = NO;
				CLANG_ANALYZER_NONNULL = YES;
				CLANG_ANALYZER_NUMBER_OBJECT_CONVERSION = YES_AGGRESSIVE;
				CLANG_CXX_LANGUAGE_STANDARD = "gnu++14";
				CLANG_CXX_LIBRARY = "libc++";
				CLANG_ENABLE_MODULES = YES;
				CLANG_ENABLE_OBJC_ARC = YES;
				CLANG_ENABLE_OBJC_WEAK = YES;
				CLANG_WARN_BLOCK_CAPTURE_AUTORELEASING = YES;
				CLANG_WARN_BOOL_CONVERSION = YES;
				CLANG_WARN_COMMA = YES;
				CLANG_WARN_CONSTANT_CONVERSION = YES;
				CLANG_WARN_DEPRECATED_OBJC_IMPLEMENTATIONS = YES;
				CLANG_WARN_DIRECT_OBJC_ISA_USAGE = YES_ERROR;
				CLANG_WARN_DOCUMENTATION_COMMENTS = YES;
				CLANG_WARN_EMPTY_BODY = YES;
				CLANG_WARN_ENUM_CONVERSION = YES;
				CLANG_WARN_INFINITE_RECURSION = YES;
				CLANG_WARN_INT_CONVERSION = YES;
				CLANG_WARN_NON_LITERAL_NULL_CONVERSION = YES;
				CLANG_WARN_OBJC_IMPLICIT_RETAIN_SELF = YES;
				CLANG_WARN_OBJC_LITERAL_CONVERSION = YES;
				CLANG_WARN_OBJC_ROOT_CLASS = YES_ERROR;
				CLANG_WARN_RANGE_LOOP_ANALYSIS = YES;
				CLANG_WARN_STRICT_PROTOTYPES = YES;
				CLANG_WARN_SUSPICIOUS_MOVE = YES;
				CLANG_WARN_UNGUARDED_AVAILABILITY = YES_AGGRESSIVE;
				CLANG_WARN_UNREACHABLE_CODE = YES;
				CLANG_WARN__DUPLICATE_METHOD_MATCH = YES;
				CODE_SIGN_IDENTITY = "Mac Developer";
				COPY_PHASE_STRIP = NO;
				DEBUG_INFORMATION_FORMAT = dwarf;
				ENABLE_STRICT_OBJC_MSGSEND = YES;
				ENABLE_TESTABILITY = YES;
				GCC_C_LANGUAGE_STANDARD = gnu11;
				GCC_DYNAMIC_NO_PIC = NO;
				GCC_NO_COMMON_BLOCKS = YES;
				GCC_OPTIMIZATION_LEVEL = 0;
				GCC_PREPROCESSOR_DEFINITIONS = (
					"DEBUG=1",
					"$(inherited)",
				);
				GCC_WARN_64_TO_32_BIT_CONVERSION = YES;
				GCC_WARN_ABOUT_RETURN_TYPE = YES_ERROR;
				GCC_WARN_UNDECLARED_SELECTOR = YES;
				GCC_WARN_UNINITIALIZED_AUTOS = YES_AGGRESSIVE;
				GCC_WARN_UNUSED_FUNCTION = YES;
				GCC_WARN_UNUSED_VARIABLE = YES;
				MACOSX_DEPLOYMENT_TARGET = 10.14;
				MTL_ENABLE_DEBUG_INFO = INCLUDE_SOURCE;
				MTL_FAST_MATH = YES;
				ONLY_ACTIVE_ARCH = YES;
				SDKROOT = macosx;
				SWIFT_ACTIVE_COMPILATION_CONDITIONS = DEBUG;
				SWIFT_OPTIMIZATION_LEVEL = "-Onone";
			};
			name = Debug;
		};
		F9755A72231DB87A00A2FCBA /* Release */ = {
			isa = XCBuildConfiguration;
			buildSettings = {
				ALWAYS_SEARCH_USER_PATHS = NO;
				CLANG_ANALYZER_NONNULL = YES;
				CLANG_ANALYZER_NUMBER_OBJECT_CONVERSION = YES_AGGRESSIVE;
				CLANG_CXX_LANGUAGE_STANDARD = "gnu++14";
				CLANG_CXX_LIBRARY = "libc++";
				CLANG_ENABLE_MODULES = YES;
				CLANG_ENABLE_OBJC_ARC = YES;
				CLANG_ENABLE_OBJC_WEAK = YES;
				CLANG_WARN_BLOCK_CAPTURE_AUTORELEASING = YES;
				CLANG_WARN_BOOL_CONVERSION = YES;
				CLANG_WARN_COMMA = YES;
				CLANG_WARN_CONSTANT_CONVERSION = YES;
				CLANG_WARN_DEPRECATED_OBJC_IMPLEMENTATIONS = YES;
				CLANG_WARN_DIRECT_OBJC_ISA_USAGE = YES_ERROR;
				CLANG_WARN_DOCUMENTATION_COMMENTS = YES;
				CLANG_WARN_EMPTY_BODY = YES;
				CLANG_WARN_ENUM_CONVERSION = YES;
				CLANG_WARN_INFINITE_RECURSION = YES;
				CLANG_WARN_INT_CONVERSION = YES;
				CLANG_WARN_NON_LITERAL_NULL_CONVERSION = YES;
				CLANG_WARN_OBJC_IMPLICIT_RETAIN_SELF = YES;
				CLANG_WARN_OBJC_LITERAL_CONVERSION = YES;
				CLANG_WARN_OBJC_ROOT_CLASS = YES_ERROR;
				CLANG_WARN_RANGE_LOOP_ANALYSIS = YES;
				CLANG_WARN_STRICT_PROTOTYPES = YES;
				CLANG_WARN_SUSPICIOUS_MOVE = YES;
				CLANG_WARN_UNGUARDED_AVAILABILITY = YES_AGGRESSIVE;
				CLANG_WARN_UNREACHABLE_CODE = YES;
				CLANG_WARN__DUPLICATE_METHOD_MATCH = YES;
				CODE_SIGN_IDENTITY = "Mac Developer";
				COPY_PHASE_STRIP = NO;
				DEBUG_INFORMATION_FORMAT = "dwarf-with-dsym";
				ENABLE_NS_ASSERTIONS = NO;
				ENABLE_STRICT_OBJC_MSGSEND = YES;
				GCC_C_LANGUAGE_STANDARD = gnu11;
				GCC_NO_COMMON_BLOCKS = YES;
				GCC_WARN_64_TO_32_BIT_CONVERSION = YES;
				GCC_WARN_ABOUT_RETURN_TYPE = YES_ERROR;
				GCC_WARN_UNDECLARED_SELECTOR = YES;
				GCC_WARN_UNINITIALIZED_AUTOS = YES_AGGRESSIVE;
				GCC_WARN_UNUSED_FUNCTION = YES;
				GCC_WARN_UNUSED_VARIABLE = YES;
				MACOSX_DEPLOYMENT_TARGET = 10.14;
				MTL_ENABLE_DEBUG_INFO = NO;
				MTL_FAST_MATH = YES;
				SDKROOT = macosx;
				SWIFT_COMPILATION_MODE = wholemodule;
				SWIFT_OPTIMIZATION_LEVEL = "-O";
			};
			name = Release;
		};
		F9755A74231DB87A00A2FCBA /* Debug */ = {
			isa = XCBuildConfiguration;
			buildSettings = {
				ALWAYS_EMBED_SWIFT_STANDARD_LIBRARIES = YES;
				ASSETCATALOG_COMPILER_APPICON_NAME = AppIcon;
				CODE_SIGN_ENTITLEMENTS = TODOtxt/TODOtxt.entitlements;
				CODE_SIGN_STYLE = Automatic;
				COMBINE_HIDPI_IMAGES = YES;
				DEVELOPMENT_TEAM = 48KV35Y6PN;
				INFOPLIST_FILE = TODOtxt/Info.plist;
				LD_RUNPATH_SEARCH_PATHS = (
					"$(inherited)",
					"@executable_path/../Frameworks",
				);
				PRODUCT_BUNDLE_IDENTIFIER = com.antoncherkasov.TODOtxt;
				PRODUCT_NAME = "$(TARGET_NAME)";
				SWIFT_VERSION = 5.0;
			};
			name = Debug;
		};
		F9755A75231DB87A00A2FCBA /* Release */ = {
			isa = XCBuildConfiguration;
			buildSettings = {
				ALWAYS_EMBED_SWIFT_STANDARD_LIBRARIES = YES;
				ASSETCATALOG_COMPILER_APPICON_NAME = AppIcon;
				CODE_SIGN_ENTITLEMENTS = TODOtxt/TODOtxt.entitlements;
				CODE_SIGN_STYLE = Automatic;
				COMBINE_HIDPI_IMAGES = YES;
				DEVELOPMENT_TEAM = 48KV35Y6PN;
				INFOPLIST_FILE = TODOtxt/Info.plist;
				LD_RUNPATH_SEARCH_PATHS = (
					"$(inherited)",
					"@executable_path/../Frameworks",
				);
				PRODUCT_BUNDLE_IDENTIFIER = com.antoncherkasov.TODOtxt;
				PRODUCT_NAME = "$(TARGET_NAME)";
				SWIFT_VERSION = 5.0;
			};
			name = Release;
		};
/* End XCBuildConfiguration section */

/* Begin XCConfigurationList section */
		F940B0DF2354B73100664043 /* Build configuration list for PBXNativeTarget "Plain ToDo" */ = {
			isa = XCConfigurationList;
			buildConfigurations = (
				F940B0E02354B73100664043 /* Debug */,
				F940B0E12354B73100664043 /* Release */,
			);
			defaultConfigurationIsVisible = 0;
			defaultConfigurationName = Release;
		};
		F9755A5C231DB87900A2FCBA /* Build configuration list for PBXProject "TODOtxt" */ = {
			isa = XCConfigurationList;
			buildConfigurations = (
				F9755A71231DB87A00A2FCBA /* Debug */,
				F9755A72231DB87A00A2FCBA /* Release */,
			);
			defaultConfigurationIsVisible = 0;
			defaultConfigurationName = Release;
		};
		F9755A73231DB87A00A2FCBA /* Build configuration list for PBXNativeTarget "TODOtxt" */ = {
			isa = XCConfigurationList;
			buildConfigurations = (
				F9755A74231DB87A00A2FCBA /* Debug */,
				F9755A75231DB87A00A2FCBA /* Release */,
			);
			defaultConfigurationIsVisible = 0;
			defaultConfigurationName = Release;
		};
/* End XCConfigurationList section */
	};
	rootObject = F9755A59231DB87900A2FCBA /* Project object */;
}
